
Microsoft Visual Studio Solution File, Format Version 12.00
# Visual Studio 15
VisualStudioVersion = 15.0.28307.902
MinimumVisualStudioVersion = 10.0.40219.1
Project("{8BC9CEB8-8B4A-11D0-8D11-00A0C91BC942}") = "ProjectC", "ProjectC\ProjectC.vcxproj", "{7B8F01C4-2B90-4AA2-B805-68D98F03CFC4}"
EndProject
Global
	GlobalSection(SolutionConfigurationPlatforms) = preSolution
		Debug|x64 = Debug|x64
		Debug|x86 = Debug|x86
		Release|x64 = Release|x64
		Release|x86 = Release|x86
	EndGlobalSection
	GlobalSection(ProjectConfigurationPlatforms) = postSolution
		{7B8F01C4-2B90-4AA2-B805-68D98F03CFC4}.Debug|x64.ActiveCfg = Debug|x64
		{7B8F01C4-2B90-4AA2-B805-68D98F03CFC4}.Debug|x64.Build.0 = Debug|x64
		{7B8F01C4-2B90-4AA2-B805-68D98F03CFC4}.Debug|x86.ActiveCfg = Debug|Win32
		{7B8F01C4-2B90-4AA2-B805-68D98F03CFC4}.Debug|x86.Build.0 = Debug|Win32
		{7B8F01C4-2B90-4AA2-B805-68D98F03CFC4}.Release|x64.ActiveCfg = Release|x64
		{7B8F01C4-2B90-4AA2-B805-68D98F03CFC4}.Release|x64.Build.0 = Release|x64
		{7B8F01C4-2B90-4AA2-B805-68D98F03CFC4}.Release|x86.ActiveCfg = Release|Win32
		{7B8F01C4-2B90-4AA2-B805-68D98F03CFC4}.Release|x86.Build.0 = Release|Win32
	EndGlobalSection
	GlobalSection(SolutionProperties) = preSolution
		HideSolutionNode = FALSE
	EndGlobalSection
	GlobalSection(ExtensibilityGlobals) = postSolution
		SolutionGuid = {160E935E-9B11-4150-B526-C301C8F0CA77}
	EndGlobalSection
EndGlobal
